
Microsoft Visual Studio Solution File, Format Version 12.00
# Visual Studio Version 16
VisualStudioVersion = 16.0.31313.79
MinimumVisualStudioVersion = 10.0.40219.1
Project("{FAE04EC0-301F-11D3-BF4B-00C04F79EFBC}") = "MessagePack.Contractless.Subtypes.Tests", "MessagePack.Contractless.Subtypes.Tests\MessagePack.Contractless.Subtypes.Tests.csproj", "{3E56415A-C49D-451C-B763-7F8A72FDC63F}"
EndProject
Project("{FAE04EC0-301F-11D3-BF4B-00C04F79EFBC}") = "MessagePack.Attributeless", "MessagePack.Attributeless\MessagePack.Attributeless.csproj", "{DC55232D-AD0D-41C8-AAEE-35FA3DFEE03E}"
EndProject
Global
	GlobalSection(SolutionConfigurationPlatforms) = preSolution
		Debug|Any CPU = Debug|Any CPU
		Release|Any CPU = Release|Any CPU
	EndGlobalSection
	GlobalSection(ProjectConfigurationPlatforms) = postSolution
		{3E56415A-C49D-451C-B763-7F8A72FDC63F}.Debug|Any CPU.ActiveCfg = Debug|Any CPU
		{3E56415A-C49D-451C-B763-7F8A72FDC63F}.Debug|Any CPU.Build.0 = Debug|Any CPU
		{3E56415A-C49D-451C-B763-7F8A72FDC63F}.Release|Any CPU.ActiveCfg = Release|Any CPU
		{3E56415A-C49D-451C-B763-7F8A72FDC63F}.Release|Any CPU.Build.0 = Release|Any CPU
		{DC55232D-AD0D-41C8-AAEE-35FA3DFEE03E}.Debug|Any CPU.ActiveCfg = Debug|Any CPU
		{DC55232D-AD0D-41C8-AAEE-35FA3DFEE03E}.Debug|Any CPU.Build.0 = Debug|Any CPU
		{DC55232D-AD0D-41C8-AAEE-35FA3DFEE03E}.Release|Any CPU.ActiveCfg = Release|Any CPU
		{DC55232D-AD0D-41C8-AAEE-35FA3DFEE03E}.Release|Any CPU.Build.0 = Release|Any CPU
	EndGlobalSection
	GlobalSection(SolutionProperties) = preSolution
		HideSolutionNode = FALSE
	EndGlobalSection
	GlobalSection(ExtensibilityGlobals) = postSolution
		SolutionGuid = {FBF07D77-2EBB-457F-817C-CE9417FF901A}
	EndGlobalSection
EndGlobal
